
Microsoft Visual Studio Solution File, Format Version 12.00
# Visual Studio 15
VisualStudioVersion = 15.0.26403.7
MinimumVisualStudioVersion = 10.0.40219.1
Project("{FAE04EC0-301F-11D3-BF4B-00C04F79EFBC}") = "TCPClient", "TCPClient\TCPClient.csproj", "{89494B78-B5DC-4D89-AA3C-439FA738DB65}"
EndProject
Project("{FAE04EC0-301F-11D3-BF4B-00C04F79EFBC}") = "TEST", "TEST\TEST.csproj", "{E7FF8EF1-275B-4202-A08D-6841F26C4F87}"
EndProject
Project("{FAE04EC0-301F-11D3-BF4B-00C04F79EFBC}") = "MySQL", "MySQL\MySQL.csproj", "{A1208B69-1EEF-47ED-8368-BB89FCA9177B}"
EndProject
Project("{FAE04EC0-301F-11D3-BF4B-00C04F79EFBC}") = "Server", "Server\Server.csproj", "{7912F746-FB80-4D86-941A-3DBB55ED3733}"
EndProject
Project("{FAE04EC0-301F-11D3-BF4B-00C04F79EFBC}") = "Common", "Common\Common.csproj", "{EEA6BE5E-5A65-4DE2-AA49-C8E211B35CEB}"
EndProject
Project("{FAE04EC0-301F-11D3-BF4B-00C04F79EFBC}") = "TCPServer", "TCPServer\TCPServer.csproj", "{919025EF-E117-40A8-826D-96A13BAFE721}"
EndProject
Global
	GlobalSection(SolutionConfigurationPlatforms) = preSolution
		Debug|Any CPU = Debug|Any CPU
		Debug|x64 = Debug|x64
		Debug|x86 = Debug|x86
		Release|Any CPU = Release|Any CPU
		Release|x64 = Release|x64
		Release|x86 = Release|x86
	EndGlobalSection
	GlobalSection(ProjectConfigurationPlatforms) = postSolution
		{89494B78-B5DC-4D89-AA3C-439FA738DB65}.Debug|Any CPU.ActiveCfg = Debug|Any CPU
		{89494B78-B5DC-4D89-AA3C-439FA738DB65}.Debug|Any CPU.Build.0 = Debug|Any CPU
		{89494B78-B5DC-4D89-AA3C-439FA738DB65}.Debug|x64.ActiveCfg = Debug|Any CPU
		{89494B78-B5DC-4D89-AA3C-439FA738DB65}.Debug|x64.Build.0 = Debug|Any CPU
		{89494B78-B5DC-4D89-AA3C-439FA738DB65}.Debug|x86.ActiveCfg = Debug|Any CPU
		{89494B78-B5DC-4D89-AA3C-439FA738DB65}.Debug|x86.Build.0 = Debug|Any CPU
		{89494B78-B5DC-4D89-AA3C-439FA738DB65}.Release|Any CPU.ActiveCfg = Release|Any CPU
		{89494B78-B5DC-4D89-AA3C-439FA738DB65}.Release|Any CPU.Build.0 = Release|Any CPU
		{89494B78-B5DC-4D89-AA3C-439FA738DB65}.Release|x64.ActiveCfg = Release|Any CPU
		{89494B78-B5DC-4D89-AA3C-439FA738DB65}.Release|x64.Build.0 = Release|Any CPU
		{89494B78-B5DC-4D89-AA3C-439FA738DB65}.Release|x86.ActiveCfg = Release|Any CPU
		{89494B78-B5DC-4D89-AA3C-439FA738DB65}.Release|x86.Build.0 = Release|Any CPU
		{E7FF8EF1-275B-4202-A08D-6841F26C4F87}.Debug|Any CPU.ActiveCfg = Debug|Any CPU
		{E7FF8EF1-275B-4202-A08D-6841F26C4F87}.Debug|Any CPU.Build.0 = Debug|Any CPU
		{E7FF8EF1-275B-4202-A08D-6841F26C4F87}.Debug|x64.ActiveCfg = Debug|Any CPU
		{E7FF8EF1-275B-4202-A08D-6841F26C4F87}.Debug|x64.Build.0 = Debug|Any CPU
		{E7FF8EF1-275B-4202-A08D-6841F26C4F87}.Debug|x86.ActiveCfg = Debug|Any CPU
		{E7FF8EF1-275B-4202-A08D-6841F26C4F87}.Debug|x86.Build.0 = Debug|Any CPU
		{E7FF8EF1-275B-4202-A08D-6841F26C4F87}.Release|Any CPU.ActiveCfg = Release|Any CPU
		{E7FF8EF1-275B-4202-A08D-6841F26C4F87}.Release|Any CPU.Build.0 = Release|Any CPU
		{E7FF8EF1-275B-4202-A08D-6841F26C4F87}.Release|x64.ActiveCfg = Release|Any CPU
		{E7FF8EF1-275B-4202-A08D-6841F26C4F87}.Release|x64.Build.0 = Release|Any CPU
		{E7FF8EF1-275B-4202-A08D-6841F26C4F87}.Release|x86.ActiveCfg = Release|Any CPU
		{E7FF8EF1-275B-4202-A08D-6841F26C4F87}.Release|x86.Build.0 = Release|Any CPU
		{A1208B69-1EEF-47ED-8368-BB89FCA9177B}.Debug|Any CPU.ActiveCfg = Debug|Any CPU
		{A1208B69-1EEF-47ED-8368-BB89FCA9177B}.Debug|Any CPU.Build.0 = Debug|Any CPU
		{A1208B69-1EEF-47ED-8368-BB89FCA9177B}.Debug|x64.ActiveCfg = Debug|Any CPU
		{A1208B69-1EEF-47ED-8368-BB89FCA9177B}.Debug|x64.Build.0 = Debug|Any CPU
		{A1208B69-1EEF-47ED-8368-BB89FCA9177B}.Debug|x86.ActiveCfg = Debug|Any CPU
		{A1208B69-1EEF-47ED-8368-BB89FCA9177B}.Debug|x86.Build.0 = Debug|Any CPU
		{A1208B69-1EEF-47ED-8368-BB89FCA9177B}.Release|Any CPU.ActiveCfg = Release|Any CPU
		{A1208B69-1EEF-47ED-8368-BB89FCA9177B}.Release|Any CPU.Build.0 = Release|Any CPU
		{A1208B69-1EEF-47ED-8368-BB89FCA9177B}.Release|x64.ActiveCfg = Release|Any CPU
		{A1208B69-1EEF-47ED-8368-BB89FCA9177B}.Release|x64.Build.0 = Release|Any CPU
		{A1208B69-1EEF-47ED-8368-BB89FCA9177B}.Release|x86.ActiveCfg = Release|Any CPU
		{A1208B69-1EEF-47ED-8368-BB89FCA9177B}.Release|x86.Build.0 = Release|Any CPU
		{7912F746-FB80-4D86-941A-3DBB55ED3733}.Debug|Any CPU.ActiveCfg = Debug|Any CPU
		{7912F746-FB80-4D86-941A-3DBB55ED3733}.Debug|Any CPU.Build.0 = Debug|Any CPU
		{7912F746-FB80-4D86-941A-3DBB55ED3733}.Debug|x64.ActiveCfg = Debug|Any CPU
		{7912F746-FB80-4D86-941A-3DBB55ED3733}.Debug|x64.Build.0 = Debug|Any CPU
		{7912F746-FB80-4D86-941A-3DBB55ED3733}.Debug|x86.ActiveCfg = Debug|Any CPU
		{7912F746-FB80-4D86-941A-3DBB55ED3733}.Debug|x86.Build.0 = Debug|Any CPU
		{7912F746-FB80-4D86-941A-3DBB55ED3733}.Release|Any CPU.ActiveCfg = Release|Any CPU
		{7912F746-FB80-4D86-941A-3DBB55ED3733}.Release|Any CPU.Build.0 = Release|Any CPU
		{7912F746-FB80-4D86-941A-3DBB55ED3733}.Release|x64.ActiveCfg = Release|Any CPU
		{7912F746-FB80-4D86-941A-3DBB55ED3733}.Release|x64.Build.0 = Release|Any CPU
		{7912F746-FB80-4D86-941A-3DBB55ED3733}.Release|x86.ActiveCfg = Release|Any CPU
		{7912F746-FB80-4D86-941A-3DBB55ED3733}.Release|x86.Build.0 = Release|Any CPU
		{EEA6BE5E-5A65-4DE2-AA49-C8E211B35CEB}.Debug|Any CPU.ActiveCfg = Debug|Any CPU
		{EEA6BE5E-5A65-4DE2-AA49-C8E211B35CEB}.Debug|Any CPU.Build.0 = Debug|Any CPU
		{EEA6BE5E-5A65-4DE2-AA49-C8E211B35CEB}.Debug|x64.ActiveCfg = Debug|Any CPU
		{EEA6BE5E-5A65-4DE2-AA49-C8E211B35CEB}.Debug|x64.Build.0 = Debug|Any CPU
		{EEA6BE5E-5A65-4DE2-AA49-C8E211B35CEB}.Debug|x86.ActiveCfg = Debug|Any CPU
		{EEA6BE5E-5A65-4DE2-AA49-C8E211B35CEB}.Debug|x86.Build.0 = Debug|Any CPU
		{EEA6BE5E-5A65-4DE2-AA49-C8E211B35CEB}.Release|Any CPU.ActiveCfg = Release|Any CPU
		{EEA6BE5E-5A65-4DE2-AA49-C8E211B35CEB}.Release|Any CPU.Build.0 = Release|Any CPU
		{EEA6BE5E-5A65-4DE2-AA49-C8E211B35CEB}.Release|x64.ActiveCfg = Release|Any CPU
		{EEA6BE5E-5A65-4DE2-AA49-C8E211B35CEB}.Release|x64.Build.0 = Release|Any CPU
		{EEA6BE5E-5A65-4DE2-AA49-C8E211B35CEB}.Release|x86.ActiveCfg = Release|Any CPU
		{EEA6BE5E-5A65-4DE2-AA49-C8E211B35CEB}.Release|x86.Build.0 = Release|Any CPU
		{919025EF-E117-40A8-826D-96A13BAFE721}.Debug|Any CPU.ActiveCfg = Debug|Any CPU
		{919025EF-E117-40A8-826D-96A13BAFE721}.Debug|Any CPU.Build.0 = Debug|Any CPU
		{919025EF-E117-40A8-826D-96A13BAFE721}.Debug|x64.ActiveCfg = Debug|Any CPU
		{919025EF-E117-40A8-826D-96A13BAFE721}.Debug|x64.Build.0 = Debug|Any CPU
		{919025EF-E117-40A8-826D-96A13BAFE721}.Debug|x86.ActiveCfg = Debug|Any CPU
		{919025EF-E117-40A8-826D-96A13BAFE721}.Debug|x86.Build.0 = Debug|Any CPU
		{919025EF-E117-40A8-826D-96A13BAFE721}.Release|Any CPU.ActiveCfg = Release|Any CPU
		{919025EF-E117-40A8-826D-96A13BAFE721}.Release|Any CPU.Build.0 = Release|Any CPU
		{919025EF-E117-40A8-826D-96A13BAFE721}.Release|x64.ActiveCfg = Release|Any CPU
		{919025EF-E117-40A8-826D-96A13BAFE721}.Release|x64.Build.0 = Release|Any CPU
		{919025EF-E117-40A8-826D-96A13BAFE721}.Release|x86.ActiveCfg = Release|Any CPU
		{919025EF-E117-40A8-826D-96A13BAFE721}.Release|x86.Build.0 = Release|Any CPU
	EndGlobalSection
	GlobalSection(SolutionProperties) = preSolution
		HideSolutionNode = FALSE
	EndGlobalSection
EndGlobal
